// !$*UTF8*$!
{
	archiveVersion = 1;
	classes = {
	};
	objectVersion = 56;
	objects = {

/* Begin PBXBuildFile section */
		49B661CB2B5F523C00C161FF /* Archangel_RaphaelApp.swift in Sources */ = {isa = PBXBuildFile; fileRef = 49B661CA2B5F523C00C161FF /* Archangel_RaphaelApp.swift */; };
		49B661CF2B5F523D00C161FF /* Assets.xcassets in Resources */ = {isa = PBXBuildFile; fileRef = 49B661CE2B5F523D00C161FF /* Assets.xcassets */; };
		49B661D22B5F523D00C161FF /* Preview Assets.xcassets in Resources */ = {isa = PBXBuildFile; fileRef = 49B661D12B5F523D00C161FF /* Preview Assets.xcassets */; };
		49B661D92B60758F00C161FF /* HomePage.swift in Sources */ = {isa = PBXBuildFile; fileRef = 49B661D82B60758F00C161FF /* HomePage.swift */; };
		49B661ED2B61E07B00C161FF /* BibleVerses.swift in Sources */ = {isa = PBXBuildFile; fileRef = 49B661EC2B61E07B00C161FF /* BibleVerses.swift */; };
		49B661EF2B61E89600C161FF /* HomeButton.swift in Sources */ = {isa = PBXBuildFile; fileRef = 49B661EE2B61E89600C161FF /* HomeButton.swift */; };
		49B661F22B62E24700C161FF /* TabNavigation.swift in Sources */ = {isa = PBXBuildFile; fileRef = 49B661F12B62E24700C161FF /* TabNavigation.swift */; };
/* End PBXBuildFile section */

/* Begin PBXFileReference section */
		49B661C72B5F523C00C161FF /* Archangel Raphael.app */ = {isa = PBXFileReference; explicitFileType = wrapper.application; includeInIndex = 0; path = "Archangel Raphael.app"; sourceTree = BUILT_PRODUCTS_DIR; };
		49B661CA2B5F523C00C161FF /* Archangel_RaphaelApp.swift */ = {isa = PBXFileReference; lastKnownFileType = sourcecode.swift; path = Archangel_RaphaelApp.swift; sourceTree = "<group>"; };
		49B661CE2B5F523D00C161FF /* Assets.xcassets */ = {isa = PBXFileReference; lastKnownFileType = folder.assetcatalog; path = Assets.xcassets; sourceTree = "<group>"; };
		49B661D12B5F523D00C161FF /* Preview Assets.xcassets */ = {isa = PBXFileReference; lastKnownFileType = folder.assetcatalog; path = "Preview Assets.xcassets"; sourceTree = "<group>"; };
		49B661D82B60758F00C161FF /* HomePage.swift */ = {isa = PBXFileReference; lastKnownFileType = sourcecode.swift; path = HomePage.swift; sourceTree = "<group>"; };
		49B661DB2B60789000C161FF /* Literata-BlackItalic.ttf */ = {isa = PBXFileReference; lastKnownFileType = file; path = "Literata-BlackItalic.ttf"; sourceTree = "<group>"; };
		49B661DC2B60789000C161FF /* Literata-LightItalic.ttf */ = {isa = PBXFileReference; lastKnownFileType = file; path = "Literata-LightItalic.ttf"; sourceTree = "<group>"; };
		49B661DD2B60789100C161FF /* Literata-Italic.ttf */ = {isa = PBXFileReference; lastKnownFileType = file; path = "Literata-Italic.ttf"; sourceTree = "<group>"; };
		49B661DE2B60789100C161FF /* Literata-ExtraBoldItalic.ttf */ = {isa = PBXFileReference; lastKnownFileType = file; path = "Literata-ExtraBoldItalic.ttf"; sourceTree = "<group>"; };
		49B661DF2B60789100C161FF /* Literata-MediumItalic.ttf */ = {isa = PBXFileReference; lastKnownFileType = file; path = "Literata-MediumItalic.ttf"; sourceTree = "<group>"; };
		49B661E02B60789100C161FF /* Literata-BoldItalic.ttf */ = {isa = PBXFileReference; lastKnownFileType = file; path = "Literata-BoldItalic.ttf"; sourceTree = "<group>"; };
		49B661E12B60789100C161FF /* Literata-SemiBoldItalic.ttf */ = {isa = PBXFileReference; lastKnownFileType = file; path = "Literata-SemiBoldItalic.ttf"; sourceTree = "<group>"; };
		49B661E22B60789100C161FF /* Literata-ExtraLightItalic.ttf */ = {isa = PBXFileReference; lastKnownFileType = file; path = "Literata-ExtraLightItalic.ttf"; sourceTree = "<group>"; };
		49B661E32B60789F00C161FF /* Literata-Medium.ttf */ = {isa = PBXFileReference; lastKnownFileType = file; path = "Literata-Medium.ttf"; sourceTree = "<group>"; };
		49B661E42B60789F00C161FF /* Literata-Bold.ttf */ = {isa = PBXFileReference; lastKnownFileType = file; path = "Literata-Bold.ttf"; sourceTree = "<group>"; };
		49B661E52B60789F00C161FF /* Literata-ExtraLight.ttf */ = {isa = PBXFileReference; lastKnownFileType = file; path = "Literata-ExtraLight.ttf"; sourceTree = "<group>"; };
		49B661E62B60789F00C161FF /* Literata-Regular.ttf */ = {isa = PBXFileReference; lastKnownFileType = file; path = "Literata-Regular.ttf"; sourceTree = "<group>"; };
		49B661E72B60789F00C161FF /* Literata-Black.ttf */ = {isa = PBXFileReference; lastKnownFileType = file; path = "Literata-Black.ttf"; sourceTree = "<group>"; };
		49B661E82B60789F00C161FF /* Literata-Light.ttf */ = {isa = PBXFileReference; lastKnownFileType = file; path = "Literata-Light.ttf"; sourceTree = "<group>"; };
		49B661E92B60789F00C161FF /* Literata-SemiBold.ttf */ = {isa = PBXFileReference; lastKnownFileType = file; path = "Literata-SemiBold.ttf"; sourceTree = "<group>"; };
		49B661EA2B60789F00C161FF /* Literata-ExtraBold.ttf */ = {isa = PBXFileReference; lastKnownFileType = file; path = "Literata-ExtraBold.ttf"; sourceTree = "<group>"; };
		49B661EB2B6078AF00C161FF /* Archangel-Raphael-Info.plist */ = {isa = PBXFileReference; lastKnownFileType = text.plist; path = "Archangel-Raphael-Info.plist"; sourceTree = SOURCE_ROOT; };
		49B661EC2B61E07B00C161FF /* BibleVerses.swift */ = {isa = PBXFileReference; lastKnownFileType = sourcecode.swift; path = BibleVerses.swift; sourceTree = "<group>"; };
		49B661EE2B61E89600C161FF /* HomeButton.swift */ = {isa = PBXFileReference; lastKnownFileType = sourcecode.swift; path = HomeButton.swift; sourceTree = "<group>"; };
		49B661F12B62E24700C161FF /* TabNavigation.swift */ = {isa = PBXFileReference; lastKnownFileType = sourcecode.swift; path = TabNavigation.swift; sourceTree = "<group>"; };
/* End PBXFileReference section */

/* Begin PBXFrameworksBuildPhase section */
		49B661C42B5F523C00C161FF /* Frameworks */ = {
			isa = PBXFrameworksBuildPhase;
			buildActionMask = 2147483647;
			files = (
			);
			runOnlyForDeploymentPostprocessing = 0;
		};
/* End PBXFrameworksBuildPhase section */

/* Begin PBXGroup section */
		494057F22B688D9C00DAFBE7 /* Broadcast */ = {
			isa = PBXGroup;
			children = (
			);
			path = Broadcast;
			sourceTree = "<group>";
		};
		49B661BE2B5F523C00C161FF = {
			isa = PBXGroup;
			children = (
				49B661C92B5F523C00C161FF /* Archangel Raphael */,
				49B661C82B5F523C00C161FF /* Products */,
			);
			sourceTree = "<group>";
		};
		49B661C82B5F523C00C161FF /* Products */ = {
			isa = PBXGroup;
			children = (
				49B661C72B5F523C00C161FF /* Archangel Raphael.app */,
			);
			name = Products;
			sourceTree = "<group>";
		};
		49B661C92B5F523C00C161FF /* Archangel Raphael */ = {
			isa = PBXGroup;
			children = (
				49B661DA2B6077C800C161FF /* Fonts */,
				494057F22B688D9C00DAFBE7 /* Broadcast */,
				49B661F02B61ECAA00C161FF /* Home and Tab */,
				49B661EB2B6078AF00C161FF /* Archangel-Raphael-Info.plist */,
				49B661CE2B5F523D00C161FF /* Assets.xcassets */,
				49B661D02B5F523D00C161FF /* Preview Content */,
				49B661CA2B5F523C00C161FF /* Archangel_RaphaelApp.swift */,
			);
			path = "Archangel Raphael";
			sourceTree = "<group>";
		};
		49B661D02B5F523D00C161FF /* Preview Content */ = {
			isa = PBXGroup;
			children = (
				49B661D12B5F523D00C161FF /* Preview Assets.xcassets */,
			);
			path = "Preview Content";
			sourceTree = "<group>";
		};
		49B661DA2B6077C800C161FF /* Fonts */ = {
			isa = PBXGroup;
			children = (
				49B661DB2B60789000C161FF /* Literata-BlackItalic.ttf */,
				49B661E02B60789100C161FF /* Literata-BoldItalic.ttf */,
				49B661DE2B60789100C161FF /* Literata-ExtraBoldItalic.ttf */,
				49B661E22B60789100C161FF /* Literata-ExtraLightItalic.ttf */,
				49B661DD2B60789100C161FF /* Literata-Italic.ttf */,
				49B661DC2B60789000C161FF /* Literata-LightItalic.ttf */,
				49B661DF2B60789100C161FF /* Literata-MediumItalic.ttf */,
				49B661E12B60789100C161FF /* Literata-SemiBoldItalic.ttf */,
				49B661E72B60789F00C161FF /* Literata-Black.ttf */,
				49B661E42B60789F00C161FF /* Literata-Bold.ttf */,
				49B661EA2B60789F00C161FF /* Literata-ExtraBold.ttf */,
				49B661E52B60789F00C161FF /* Literata-ExtraLight.ttf */,
				49B661E82B60789F00C161FF /* Literata-Light.ttf */,
				49B661E32B60789F00C161FF /* Literata-Medium.ttf */,
				49B661E62B60789F00C161FF /* Literata-Regular.ttf */,
				49B661E92B60789F00C161FF /* Literata-SemiBold.ttf */,
			);
			path = Fonts;
			sourceTree = "<group>";
		};
		49B661F02B61ECAA00C161FF /* Home and Tab */ = {
			isa = PBXGroup;
			children = (
				49B661EC2B61E07B00C161FF /* BibleVerses.swift */,
				49B661D82B60758F00C161FF /* HomePage.swift */,
				49B661EE2B61E89600C161FF /* HomeButton.swift */,
				49B661F12B62E24700C161FF /* TabNavigation.swift */,
			);
			path = "Home and Tab";
			sourceTree = "<group>";
		};
/* End PBXGroup section */

/* Begin PBXNativeTarget section */
		49B661C62B5F523C00C161FF /* Archangel Raphael */ = {
			isa = PBXNativeTarget;
			buildConfigurationList = 49B661D52B5F523D00C161FF /* Build configuration list for PBXNativeTarget "Archangel Raphael" */;
			buildPhases = (
				49B661C32B5F523C00C161FF /* Sources */,
				49B661C42B5F523C00C161FF /* Frameworks */,
				49B661C52B5F523C00C161FF /* Resources */,
			);
			buildRules = (
			);
			dependencies = (
			);
			name = "Archangel Raphael";
			productName = "Archangel Raphael";
			productReference = 49B661C72B5F523C00C161FF /* Archangel Raphael.app */;
			productType = "com.apple.product-type.application";
		};
/* End PBXNativeTarget section */

/* Begin PBXProject section */
		49B661BF2B5F523C00C161FF /* Project object */ = {
			isa = PBXProject;
			attributes = {
				BuildIndependentTargetsInParallel = 1;
				LastSwiftUpdateCheck = 1520;
				LastUpgradeCheck = 1520;
				TargetAttributes = {
					49B661C62B5F523C00C161FF = {
						CreatedOnToolsVersion = 15.2;
					};
				};
			};
			buildConfigurationList = 49B661C22B5F523C00C161FF /* Build configuration list for PBXProject "Archangel Raphael" */;
			compatibilityVersion = "Xcode 14.0";
			developmentRegion = en;
			hasScannedForEncodings = 0;
			knownRegions = (
				en,
				Base,
			);
			mainGroup = 49B661BE2B5F523C00C161FF;
			productRefGroup = 49B661C82B5F523C00C161FF /* Products */;
			projectDirPath = "";
			projectRoot = "";
			targets = (
				49B661C62B5F523C00C161FF /* Archangel Raphael */,
			);
		};
/* End PBXProject section */

/* Begin PBXResourcesBuildPhase section */
		49B661C52B5F523C00C161FF /* Resources */ = {
			isa = PBXResourcesBuildPhase;
			buildActionMask = 2147483647;
			files = (
				49B661D22B5F523D00C161FF /* Preview Assets.xcassets in Resources */,
				49B661CF2B5F523D00C161FF /* Assets.xcassets in Resources */,
			);
			runOnlyForDeploymentPostprocessing = 0;
		};
/* End PBXResourcesBuildPhase section */

/* Begin PBXSourcesBuildPhase section */
		49B661C32B5F523C00C161FF /* Sources */ = {
			isa = PBXSourcesBuildPhase;
			buildActionMask = 2147483647;
			files = (
				49B661EF2B61E89600C161FF /* HomeButton.swift in Sources */,
				49B661ED2B61E07B00C161FF /* BibleVerses.swift in Sources */,
				49B661F22B62E24700C161FF /* TabNavigation.swift in Sources */,
				49B661D92B60758F00C161FF /* HomePage.swift in Sources */,
				49B661CB2B5F523C00C161FF /* Archangel_RaphaelApp.swift in Sources */,
			);
			runOnlyForDeploymentPostprocessing = 0;
		};
/* End PBXSourcesBuildPhase section */

/* Begin XCBuildConfiguration section */
		49B661D32B5F523D00C161FF /* Debug */ = {
			isa = XCBuildConfiguration;
			buildSettings = {
				ALWAYS_SEARCH_USER_PATHS = NO;
				ASSETCATALOG_COMPILER_GENERATE_SWIFT_ASSET_SYMBOL_EXTENSIONS = YES;
				CLANG_ANALYZER_NONNULL = YES;
				CLANG_ANALYZER_NUMBER_OBJECT_CONVERSION = YES_AGGRESSIVE;
				CLANG_CXX_LANGUAGE_STANDARD = "gnu++20";
				CLANG_ENABLE_MODULES = YES;
				CLANG_ENABLE_OBJC_ARC = YES;
				CLANG_ENABLE_OBJC_WEAK = YES;
				CLANG_WARN_BLOCK_CAPTURE_AUTORELEASING = YES;
				CLANG_WARN_BOOL_CONVERSION = YES;
				CLANG_WARN_COMMA = YES;
				CLANG_WARN_CONSTANT_CONVERSION = YES;
				CLANG_WARN_DEPRECATED_OBJC_IMPLEMENTATIONS = YES;
				CLANG_WARN_DIRECT_OBJC_ISA_USAGE = YES_ERROR;
				CLANG_WARN_DOCUMENTATION_COMMENTS = YES;
				CLANG_WARN_EMPTY_BODY = YES;
				CLANG_WARN_ENUM_CONVERSION = YES;
				CLANG_WARN_INFINITE_RECURSION = YES;
				CLANG_WARN_INT_CONVERSION = YES;
				CLANG_WARN_NON_LITERAL_NULL_CONVERSION = YES;
				CLANG_WARN_OBJC_IMPLICIT_RETAIN_SELF = YES;
				CLANG_WARN_OBJC_LITERAL_CONVERSION = YES;
				CLANG_WARN_OBJC_ROOT_CLASS = YES_ERROR;
				CLANG_WARN_QUOTED_INCLUDE_IN_FRAMEWORK_HEADER = YES;
				CLANG_WARN_RANGE_LOOP_ANALYSIS = YES;
				CLANG_WARN_STRICT_PROTOTYPES = YES;
				CLANG_WARN_SUSPICIOUS_MOVE = YES;
				CLANG_WARN_UNGUARDED_AVAILABILITY = YES_AGGRESSIVE;
				CLANG_WARN_UNREACHABLE_CODE = YES;
				CLANG_WARN__DUPLICATE_METHOD_MATCH = YES;
				COPY_PHASE_STRIP = NO;
				DEBUG_INFORMATION_FORMAT = dwarf;
				ENABLE_STRICT_OBJC_MSGSEND = YES;
				ENABLE_TESTABILITY = YES;
				ENABLE_USER_SCRIPT_SANDBOXING = YES;
				GCC_C_LANGUAGE_STANDARD = gnu17;
				GCC_DYNAMIC_NO_PIC = NO;
				GCC_NO_COMMON_BLOCKS = YES;
				GCC_OPTIMIZATION_LEVEL = 0;
				GCC_PREPROCESSOR_DEFINITIONS = (
					"DEBUG=1",
					"$(inherited)",
				);
				GCC_WARN_64_TO_32_BIT_CONVERSION = YES;
				GCC_WARN_ABOUT_RETURN_TYPE = YES_ERROR;
				GCC_WARN_UNDECLARED_SELECTOR = YES;
				GCC_WARN_UNINITIALIZED_AUTOS = YES_AGGRESSIVE;
				GCC_WARN_UNUSED_FUNCTION = YES;
				GCC_WARN_UNUSED_VARIABLE = YES;
				IPHONEOS_DEPLOYMENT_TARGET = 15.0;
				LOCALIZATION_PREFERS_STRING_CATALOGS = YES;
				MTL_ENABLE_DEBUG_INFO = INCLUDE_SOURCE;
				MTL_FAST_MATH = YES;
				ONLY_ACTIVE_ARCH = YES;
				SDKROOT = iphoneos;
				SWIFT_ACTIVE_COMPILATION_CONDITIONS = "DEBUG $(inherited)";
				SWIFT_OPTIMIZATION_LEVEL = "-Onone";
			};
			name = Debug;
		};
		49B661D42B5F523D00C161FF /* Release */ = {
			isa = XCBuildConfiguration;
			buildSettings = {
				ALWAYS_SEARCH_USER_PATHS = NO;
				ASSETCATALOG_COMPILER_GENERATE_SWIFT_ASSET_SYMBOL_EXTENSIONS = YES;
				CLANG_ANALYZER_NONNULL = YES;
				CLANG_ANALYZER_NUMBER_OBJECT_CONVERSION = YES_AGGRESSIVE;
				CLANG_CXX_LANGUAGE_STANDARD = "gnu++20";
				CLANG_ENABLE_MODULES = YES;
				CLANG_ENABLE_OBJC_ARC = YES;
				CLANG_ENABLE_OBJC_WEAK = YES;
				CLANG_WARN_BLOCK_CAPTURE_AUTORELEASING = YES;
				CLANG_WARN_BOOL_CONVERSION = YES;
				CLANG_WARN_COMMA = YES;
				CLANG_WARN_CONSTANT_CONVERSION = YES;
				CLANG_WARN_DEPRECATED_OBJC_IMPLEMENTATIONS = YES;
				CLANG_WARN_DIRECT_OBJC_ISA_USAGE = YES_ERROR;
				CLANG_WARN_DOCUMENTATION_COMMENTS = YES;
				CLANG_WARN_EMPTY_BODY = YES;
				CLANG_WARN_ENUM_CONVERSION = YES;
				CLANG_WARN_INFINITE_RECURSION = YES;
				CLANG_WARN_INT_CONVERSION = YES;
				CLANG_WARN_NON_LITERAL_NULL_CONVERSION = YES;
				CLANG_WARN_OBJC_IMPLICIT_RETAIN_SELF = YES;
				CLANG_WARN_OBJC_LITERAL_CONVERSION = YES;
				CLANG_WARN_OBJC_ROOT_CLASS = YES_ERROR;
				CLANG_WARN_QUOTED_INCLUDE_IN_FRAMEWORK_HEADER = YES;
				CLANG_WARN_RANGE_LOOP_ANALYSIS = YES;
				CLANG_WARN_STRICT_PROTOTYPES = YES;
				CLANG_WARN_SUSPICIOUS_MOVE = YES;
				CLANG_WARN_UNGUARDED_AVAILABILITY = YES_AGGRESSIVE;
				CLANG_WARN_UNREACHABLE_CODE = YES;
				CLANG_WARN__DUPLICATE_METHOD_MATCH = YES;
				COPY_PHASE_STRIP = NO;
				DEBUG_INFORMATION_FORMAT = "dwarf-with-dsym";
				ENABLE_NS_ASSERTIONS = NO;
				ENABLE_STRICT_OBJC_MSGSEND = YES;
				ENABLE_USER_SCRIPT_SANDBOXING = YES;
				GCC_C_LANGUAGE_STANDARD = gnu17;
				GCC_NO_COMMON_BLOCKS = YES;
				GCC_WARN_64_TO_32_BIT_CONVERSION = YES;
				GCC_WARN_ABOUT_RETURN_TYPE = YES_ERROR;
				GCC_WARN_UNDECLARED_SELECTOR = YES;
				GCC_WARN_UNINITIALIZED_AUTOS = YES_AGGRESSIVE;
				GCC_WARN_UNUSED_FUNCTION = YES;
				GCC_WARN_UNUSED_VARIABLE = YES;
				IPHONEOS_DEPLOYMENT_TARGET = 15.0;
				LOCALIZATION_PREFERS_STRING_CATALOGS = YES;
				MTL_ENABLE_DEBUG_INFO = NO;
				MTL_FAST_MATH = YES;
				SDKROOT = iphoneos;
				SWIFT_COMPILATION_MODE = wholemodule;
				VALIDATE_PRODUCT = YES;
			};
			name = Release;
		};
		49B661D62B5F523D00C161FF /* Debug */ = {
			isa = XCBuildConfiguration;
			buildSettings = {
				ASSETCATALOG_COMPILER_APPICON_NAME = AppIcon;
				ASSETCATALOG_COMPILER_GLOBAL_ACCENT_COLOR_NAME = AccentColor;
				CODE_SIGN_STYLE = Automatic;
				CURRENT_PROJECT_VERSION = 1;
				DEVELOPMENT_ASSET_PATHS = "\"Archangel Raphael/Preview Content\"";
				DEVELOPMENT_TEAM = 99G82434DT;
				ENABLE_PREVIEWS = YES;
				GENERATE_INFOPLIST_FILE = YES;
				INFOPLIST_FILE = "Archangel-Raphael-Info.plist";
				INFOPLIST_KEY_CFBundleDisplayName = "Archangel Raphael COC";
				INFOPLIST_KEY_UIApplicationSceneManifest_Generation = YES;
				INFOPLIST_KEY_UIApplicationSupportsIndirectInputEvents = YES;
				INFOPLIST_KEY_UILaunchScreen_Generation = YES;
				INFOPLIST_KEY_UIStatusBarStyle = "";
				INFOPLIST_KEY_UISupportedInterfaceOrientations = UIInterfaceOrientationPortrait;
				LD_RUNPATH_SEARCH_PATHS = (
					"$(inherited)",
					"@executable_path/Frameworks",
				);
				MARKETING_VERSION = 1.0;
				PRODUCT_BUNDLE_IDENTIFIER = "com.archangelraphael.Archangel-Raphael";
				PRODUCT_NAME = "$(TARGET_NAME)";
				SUPPORTED_PLATFORMS = "iphoneos iphonesimulator";
				SUPPORTS_MACCATALYST = NO;
				SUPPORTS_MAC_DESIGNED_FOR_IPHONE_IPAD = NO;
				SUPPORTS_XR_DESIGNED_FOR_IPHONE_IPAD = NO;
				SWIFT_EMIT_LOC_STRINGS = YES;
				SWIFT_VERSION = 5.0;
				TARGETED_DEVICE_FAMILY = "1,2";
			};
			name = Debug;
		};
		49B661D72B5F523D00C161FF /* Release */ = {
			isa = XCBuildConfiguration;
			buildSettings = {
				ASSETCATALOG_COMPILER_APPICON_NAME = AppIcon;
				ASSETCATALOG_COMPILER_GLOBAL_ACCENT_COLOR_NAME = AccentColor;
				CODE_SIGN_STYLE = Automatic;
				CURRENT_PROJECT_VERSION = 1;
				DEVELOPMENT_ASSET_PATHS = "\"Archangel Raphael/Preview Content\"";
				DEVELOPMENT_TEAM = 99G82434DT;
				ENABLE_PREVIEWS = YES;
				GENERATE_INFOPLIST_FILE = YES;
				INFOPLIST_FILE = "Archangel-Raphael-Info.plist";
				INFOPLIST_KEY_CFBundleDisplayName = "Archangel Raphael COC";
				INFOPLIST_KEY_UIApplicationSceneManifest_Generation = YES;
				INFOPLIST_KEY_UIApplicationSupportsIndirectInputEvents = YES;
				INFOPLIST_KEY_UILaunchScreen_Generation = YES;
				INFOPLIST_KEY_UIStatusBarStyle = "";
				INFOPLIST_KEY_UISupportedInterfaceOrientations = UIInterfaceOrientationPortrait;
				LD_RUNPATH_SEARCH_PATHS = (
					"$(inherited)",
					"@executable_path/Frameworks",
				);
				MARKETING_VERSION = 1.0;
				PRODUCT_BUNDLE_IDENTIFIER = "com.archangelraphael.Archangel-Raphael";
				PRODUCT_NAME = "$(TARGET_NAME)";
				SUPPORTED_PLATFORMS = "iphoneos iphonesimulator";
				SUPPORTS_MACCATALYST = NO;
				SUPPORTS_MAC_DESIGNED_FOR_IPHONE_IPAD = NO;
				SUPPORTS_XR_DESIGNED_FOR_IPHONE_IPAD = NO;
				SWIFT_EMIT_LOC_STRINGS = YES;
				SWIFT_VERSION = 5.0;
				TARGETED_DEVICE_FAMILY = "1,2";
			};
			name = Release;
		};
/* End XCBuildConfiguration section */

/* Begin XCConfigurationList section */
		49B661C22B5F523C00C161FF /* Build configuration list for PBXProject "Archangel Raphael" */ = {
			isa = XCConfigurationList;
			buildConfigurations = (
				49B661D32B5F523D00C161FF /* Debug */,
				49B661D42B5F523D00C161FF /* Release */,
			);
			defaultConfigurationIsVisible = 0;
			defaultConfigurationName = Release;
		};
		49B661D52B5F523D00C161FF /* Build configuration list for PBXNativeTarget "Archangel Raphael" */ = {
			isa = XCConfigurationList;
			buildConfigurations = (
				49B661D62B5F523D00C161FF /* Debug */,
				49B661D72B5F523D00C161FF /* Release */,
			);
			defaultConfigurationIsVisible = 0;
			defaultConfigurationName = Release;
		};
/* End XCConfigurationList section */
	};
	rootObject = 49B661BF2B5F523C00C161FF /* Project object */;
}
